
Microsoft Visual Studio Solution File, Format Version 12.00
# Visual Studio 15
VisualStudioVersion = 15.0.28307.539
MinimumVisualStudioVersion = 10.0.40219.1
Project("{FAE04EC0-301F-11D3-BF4B-00C04F79EFBC}") = "RazorPagesMovie", "RazorPagesMovie\RazorPagesMovie.csproj", "{11909FDF-7850-4CE1-911A-60716717E2A9}"
EndProject
Global
	GlobalSection(SolutionConfigurationPlatforms) = preSolution
		Debug|Any CPU = Debug|Any CPU
		Release|Any CPU = Release|Any CPU
	EndGlobalSection
	GlobalSection(ProjectConfigurationPlatforms) = postSolution
		{11909FDF-7850-4CE1-911A-60716717E2A9}.Debug|Any CPU.ActiveCfg = Debug|Any CPU
		{11909FDF-7850-4CE1-911A-60716717E2A9}.Debug|Any CPU.Build.0 = Debug|Any CPU
		{11909FDF-7850-4CE1-911A-60716717E2A9}.Release|Any CPU.ActiveCfg = Release|Any CPU
		{11909FDF-7850-4CE1-911A-60716717E2A9}.Release|Any CPU.Build.0 = Release|Any CPU
	EndGlobalSection
	GlobalSection(SolutionProperties) = preSolution
		HideSolutionNode = FALSE
	EndGlobalSection
	GlobalSection(ExtensibilityGlobals) = postSolution
		SolutionGuid = {8E454903-8F39-48AB-9674-09763862B0B9}
	EndGlobalSection
EndGlobal
